
Microsoft Visual Studio Solution File, Format Version 12.00
# Visual Studio Version 16
VisualStudioVersion = 16.0.31205.134
MinimumVisualStudioVersion = 10.0.40219.1
Project("{FAE04EC0-301F-11D3-BF4B-00C04F79EFBC}") = "HomeWorkConsoleApp", "HomeWorkConsoleApp\HomeWorkConsoleApp.csproj", "{169BF6C6-6D7E-4714-B7B6-A641C36706D4}"
EndProject
Global
	GlobalSection(SolutionConfigurationPlatforms) = preSolution
		Debug|Any CPU = Debug|Any CPU
		Release|Any CPU = Release|Any CPU
	EndGlobalSection
	GlobalSection(ProjectConfigurationPlatforms) = postSolution
		{169BF6C6-6D7E-4714-B7B6-A641C36706D4}.Debug|Any CPU.ActiveCfg = Debug|Any CPU
		{169BF6C6-6D7E-4714-B7B6-A641C36706D4}.Debug|Any CPU.Build.0 = Debug|Any CPU
		{169BF6C6-6D7E-4714-B7B6-A641C36706D4}.Release|Any CPU.ActiveCfg = Release|Any CPU
		{169BF6C6-6D7E-4714-B7B6-A641C36706D4}.Release|Any CPU.Build.0 = Release|Any CPU
	EndGlobalSection
	GlobalSection(SolutionProperties) = preSolution
		HideSolutionNode = FALSE
	EndGlobalSection
	GlobalSection(ExtensibilityGlobals) = postSolution
		SolutionGuid = {344FCA34-D2C1-44ED-A0C0-67518752B287}
	EndGlobalSection
EndGlobal
